
Microsoft Visual Studio Solution File, Format Version 12.00
# Visual Studio Version 16
VisualStudioVersion = 16.0.30711.63
MinimumVisualStudioVersion = 10.0.40219.1
Project("{FAE04EC0-301F-11D3-BF4B-00C04F79EFBC}") = "IPTVSchedulerQuartz", "IPTVSchedulerQuartz\IPTVSchedulerQuartz.csproj", "{C467692A-0ED8-4A6E-BBC0-D94E83BF2478}"
EndProject
Global
	GlobalSection(SolutionConfigurationPlatforms) = preSolution
		Debug|Any CPU = Debug|Any CPU
		Release|Any CPU = Release|Any CPU
	EndGlobalSection
	GlobalSection(ProjectConfigurationPlatforms) = postSolution
		{C467692A-0ED8-4A6E-BBC0-D94E83BF2478}.Debug|Any CPU.ActiveCfg = Debug|Any CPU
		{C467692A-0ED8-4A6E-BBC0-D94E83BF2478}.Debug|Any CPU.Build.0 = Debug|Any CPU
		{C467692A-0ED8-4A6E-BBC0-D94E83BF2478}.Release|Any CPU.ActiveCfg = Release|Any CPU
		{C467692A-0ED8-4A6E-BBC0-D94E83BF2478}.Release|Any CPU.Build.0 = Release|Any CPU
	EndGlobalSection
	GlobalSection(SolutionProperties) = preSolution
		HideSolutionNode = FALSE
	EndGlobalSection
	GlobalSection(ExtensibilityGlobals) = postSolution
		SolutionGuid = {D88F299B-4999-4B7D-ABB2-13E898C1A679}
	EndGlobalSection
EndGlobal
